[[package]]
name = "asgiref"
version = "3.8.1"
description = "ASGI specs, helper code, and adapters"
category = "main"
optional = false
python-versions = ">=3.8"

[package.dependencies]
typing-extensions = {version = ">=4", markers = "python_version < \"3.11\""}

[package.extras]
tests = ["pytest", "pytest-asyncio", "mypy (>=0.800)"]

[[package]]
name = "attrs"
version = "25.1.0"
description = "Classes Without Boilerplate"
category = "main"
optional = false
python-versions = ">=3.8"

[package.extras]
benchmark = ["cloudpickle", "hypothesis", "mypy (>=1.11.1)", "pympler", "pytest-codspeed", "pytest-mypy-plugins", "pytest-xdist", "pytest (>=4.3.0)"]
cov = ["cloudpickle", "coverage[toml] (>=5.3)", "hypothesis", "mypy (>=1.11.1)", "pympler", "pytest-mypy-plugins", "pytest-xdist", "pytest (>=4.3.0)"]
dev = ["cloudpickle", "hypothesis", "mypy (>=1.11.1)", "pre-commit-uv", "pympler", "pytest-mypy-plugins", "pytest-xdist", "pytest (>=4.3.0)"]
docs = ["cogapp", "furo", "myst-parser", "sphinx", "sphinx-notfound-page", "sphinxcontrib-towncrier", "towncrier (<24.7)"]
tests = ["cloudpickle", "hypothesis", "mypy (>=1.11.1)", "pympler", "pytest-mypy-plugins", "pytest-xdist", "pytest (>=4.3.0)"]
tests-mypy = ["mypy (>=1.11.1)", "pytest-mypy-plugins"]

[[package]]
name = "certifi"
version = "2024.12.14"
description = "Python package for providing Mozilla's CA Bundle."
category = "main"
optional = false
python-versions = ">=3.6"

[[package]]
name = "django"
version = "5.1.5"
description = "A high-level Python web framework that encourages rapid development and clean, pragmatic design."
category = "main"
optional = false
python-versions = ">=3.10"

[package.dependencies]
asgiref = ">=3.8.1,<4"
sqlparse = ">=0.3.1"
tzdata = {version = "*", markers = "sys_platform == \"win32\""}

[package.extras]
argon2 = ["argon2-cffi (>=19.1.0)"]
bcrypt = ["bcrypt"]

[[package]]
name = "django-cors-headers"
version = "4.6.0"
description = "django-cors-headers is a Django application for handling the server headers required for Cross-Origin Resource Sharing (CORS)."
category = "main"
optional = false
python-versions = ">=3.9"

[package.dependencies]
asgiref = ">=3.6"
django = ">=4.2"

[[package]]
name = "django-elasticsearch-dsl"
version = "8.0"
description = "Wrapper around elasticsearch-dsl-py for django models"
category = "main"
optional = false
python-versions = ">=3.8"

[package.dependencies]
elasticsearch-dsl = ">=8.9.0,<9.0.0"
six = "*"

[package.extras]
celery = ["celery (>=4.1.0)"]

[[package]]
name = "django-environ"
version = "0.12.0"
description = "A package that allows you to utilize 12factor inspired environment variables to configure your Django application."
category = "main"
optional = false
python-versions = "<4,>=3.9"

[package.extras]
testing = ["coverage[toml] (>=5.0a4)", "pytest (>=4.6.11)", "setuptools (>=71.0.0)"]
docs = ["furo (>=2024.8.6)", "sphinx (>=5.0)", "sphinx-notfound-page"]
develop = ["coverage[toml] (>=5.0a4)", "pytest (>=4.6.11)", "setuptools (>=71.0.0)", "furo (>=2024.8.6)", "sphinx (>=5.0)", "sphinx-notfound-page"]

[[package]]
name = "djangorestframework"
version = "3.15.2"
description = "Web APIs for Django, made easy."
category = "main"
optional = false
python-versions = ">=3.8"

[package.dependencies]
django = ">=4.2"

[[package]]
name = "drf-spectacular"
version = "0.28.0"
description = "Sane and flexible OpenAPI 3 schema generation for Django REST framework"
category = "main"
optional = false
python-versions = ">=3.7"

[package.dependencies]
Django = ">=2.2"
djangorestframework = ">=3.10.3"
inflection = ">=0.3.1"
jsonschema = ">=2.6.0"
PyYAML = ">=5.1"
uritemplate = ">=2.0.0"

[package.extras]
offline = ["drf-spectacular-sidecar"]
sidecar = ["drf-spectacular-sidecar"]

[[package]]
name = "elastic-transport"
version = "8.17.0"
description = "Transport classes and utilities shared among Python Elastic client libraries"
category = "main"
optional = false
python-versions = ">=3.8"

[package.dependencies]
certifi = "*"
urllib3 = ">=1.26.2,<3"

[package.extras]
develop = ["pytest", "pytest-cov", "pytest-mock", "pytest-asyncio", "pytest-httpserver", "trustme", "requests", "aiohttp", "httpx", "httpcore (<1.0.6)", "respx", "opentelemetry-api", "opentelemetry-sdk", "orjson", "sphinx (>2)", "furo", "sphinx-autodoc-typehints"]

[[package]]
name = "elasticsearch"
version = "8.17.1"
description = "Python client for Elasticsearch"
category = "main"
optional = false
python-versions = ">=3.8"

[package.dependencies]
elastic-transport = ">=8.15.1,<9"

[package.extras]
async = ["aiohttp (>=3,<4)"]
dev = ["aiohttp", "black", "build", "coverage", "isort", "jinja2", "mapbox-vector-tile", "nox", "numpy", "orjson", "pandas", "pyarrow", "pytest", "pytest-asyncio", "pytest-cov", "python-dateutil", "pyyaml (>=5.4)", "requests (>=2,<3)", "simsimd", "twine", "unasync"]
docs = ["sphinx", "sphinx-autodoc-typehints", "sphinx-rtd-theme (>=2.0)"]
orjson = ["orjson (>=3)"]
pyarrow = ["pyarrow (>=1)"]
requests = ["requests (>=2.4.0,!=2.32.2,<3.0.0)"]
vectorstore-mmr = ["numpy (>=1)", "simsimd (>=3)"]

[[package]]
name = "elasticsearch-dsl"
version = "8.9.0"
description = "Python client for Elasticsearch"
category = "main"
optional = false
python-versions = ">=3.7"

[package.dependencies]
elasticsearch = ">=8.0.0,<9.0.0"
python-dateutil = "*"

[package.extras]
develop = ["pytest", "pytest-cov", "pytest-mock", "pytz", "coverage", "sphinx (>2)", "sphinx-rtd-theme (>0.5)"]

[[package]]
name = "flake8"
version = "7.1.1"
description = "the modular source code checker: pep8 pyflakes and co"
category = "main"
optional = false
python-versions = ">=3.8.1"

[package.dependencies]
mccabe = ">=0.7.0,<0.8.0"
pycodestyle = ">=2.12.0,<2.13.0"
pyflakes = ">=3.2.0,<3.3.0"

[[package]]
name = "gunicorn"
version = "23.0.0"
description = "WSGI HTTP Server for UNIX"
category = "main"
optional = false
python-versions = ">=3.7"

[package.dependencies]
packaging = "*"

[package.extras]
eventlet = ["eventlet (>=0.24.1,!=0.36.0)"]
gevent = ["gevent (>=1.4.0)"]
setproctitle = ["setproctitle"]
testing = ["gevent", "eventlet", "coverage", "pytest", "pytest-cov"]
tornado = ["tornado (>=0.2)"]

[[package]]
name = "inflection"
version = "0.5.1"
description = "A port of Ruby on Rails inflector to Python"
category = "main"
optional = false
python-versions = ">=3.5"

[[package]]
name = "jsonschema"
version = "4.23.0"
description = "An implementation of JSON Schema validation for Python"
category = "main"
optional = false
python-versions = ">=3.8"

[package.dependencies]
attrs = ">=22.2.0"
jsonschema-specifications = ">=2023.03.6"
referencing = ">=0.28.4"
rpds-py = ">=0.7.1"

[package.extras]
format = ["fqdn", "idna", "isoduration", "jsonpointer (>1.13)", "rfc3339-validator", "rfc3987", "uri-template", "webcolors (>=1.11)"]
format-nongpl = ["fqdn", "idna", "isoduration", "jsonpointer (>1.13)", "rfc3339-validator", "rfc3986-validator (>0.1.0)", "uri-template", "webcolors (>=24.6.0)"]

[[package]]
name = "jsonschema-specifications"
version = "2024.10.1"
description = "The JSON Schema meta-schemas and vocabularies, exposed as a Registry"
category = "main"
optional = false
python-versions = ">=3.9"

[package.dependencies]
referencing = ">=0.31.0"

[[package]]
name = "mccabe"
version = "0.7.0"
description = "McCabe checker, plugin for flake8"
category = "main"
optional = false
python-versions = ">=3.6"

[[package]]
name = "packaging"
version = "24.2"
description = "Core utilities for Python packages"
category = "main"
optional = false
python-versions = ">=3.8"

[[package]]
name = "psycopg2-binary"
version = "2.9.10"
description = "psycopg2 - Python-PostgreSQL Database Adapter"
category = "main"
optional = false
python-versions = ">=3.8"

[[package]]
name = "pycodestyle"
version = "2.12.1"
description = "Python style guide checker"
category = "main"
optional = false
python-versions = ">=3.8"

[[package]]
name = "pyflakes"
version = "3.2.0"
description = "passive checker of Python programs"
category = "main"
optional = false
python-versions = ">=3.8"

[[package]]
name = "python-dateutil"
version = "2.9.0.post0"
description = "Extensions to the standard Python datetime module"
category = "main"
optional = false
python-versions = "!=3.0.*,!=3.1.*,!=3.2.*,>=2.7"

[package.dependencies]
six = ">=1.5"

[[package]]
name = "pyyaml"
version = "6.0.2"
description = "YAML parser and emitter for Python"
category = "main"
optional = false
python-versions = ">=3.8"

[[package]]
name = "referencing"
version = "0.36.2"
description = "JSON Referencing + Python"
category = "main"
optional = false
python-versions = ">=3.9"

[package.dependencies]
attrs = ">=22.2.0"
rpds-py = ">=0.7.0"
typing-extensions = {version = ">=4.4.0", markers = "python_version < \"3.13\""}

[[package]]
name = "rpds-py"
version = "0.22.3"
description = "Python bindings to Rust's persistent data structures (rpds)"
category = "main"
optional = false
python-versions = ">=3.9"

[[package]]
name = "six"
version = "1.17.0"
description = "Python 2 and 3 compatibility utilities"
category = "main"
optional = false
python-versions = "!=3.0.*,!=3.1.*,!=3.2.*,>=2.7"

[[package]]
name = "sqlparse"
version = "0.5.3"
description = "A non-validating SQL parser."
category = "main"
optional = false
python-versions = ">=3.8"

[package.extras]
dev = ["build", "hatch"]
doc = ["sphinx"]

[[package]]
name = "typing-extensions"
version = "4.12.2"
description = "Backported and Experimental Type Hints for Python 3.8+"
category = "main"
optional = false
python-versions = ">=3.8"

[[package]]
name = "tzdata"
version = "2025.1"
description = "Provider of IANA time zone data"
category = "main"
optional = false
python-versions = ">=2"

[[package]]
name = "uritemplate"
version = "4.1.1"
description = "Implementation of RFC 6570 URI Templates"
category = "main"
optional = false
python-versions = ">=3.6"

[[package]]
name = "urllib3"
version = "2.3.0"
description = "HTTP library with thread-safe connection pooling, file post, and more."
category = "main"
optional = false
python-versions = ">=3.9"

[package.extras]
brotli = ["brotli (>=1.0.9)", "brotlicffi (>=0.8.0)"]
h2 = ["h2 (>=4,<5)"]
socks = ["pysocks (>=1.5.6,!=1.5.7,<2.0)"]
zstd = ["zstandard (>=0.18.0)"]

[metadata]
lock-version = "1.1"
python-versions = "^3.10"
content-hash = "f5e168d3bbc773e9c27cd232ad177d5f088cb9e80e8a88cdd7558c401131b50c"

[metadata.files]
asgiref = []
attrs = []
certifi = []
django = []
django-cors-headers = []
django-elasticsearch-dsl = []
django-environ = []
djangorestframework = []
drf-spectacular = []
elastic-transport = []
elasticsearch = []
elasticsearch-dsl = []
flake8 = []
gunicorn = []
inflection = []
jsonschema = []
jsonschema-specifications = []
mccabe = []
packaging = []
psycopg2-binary = []
pycodestyle = []
pyflakes = []
python-dateutil = []
pyyaml = []
referencing = []
rpds-py = []
six = []
sqlparse = []
typing-extensions = []
tzdata = []
uritemplate = []
urllib3 = []
